
Microsoft Visual Studio Solution File, Format Version 12.00
# Visual Studio Version 16
VisualStudioVersion = 16.0.31112.23
MinimumVisualStudioVersion = 10.0.40219.1
Project("{FAE04EC0-301F-11D3-BF4B-00C04F79EFBC}") = "Users_Project", "Users_Project\Users_Project.csproj", "{7671B9D6-C6AA-46EB-897C-5AB5F6A5E77D}"
EndProject
Project("{2150E333-8FDC-42A3-9474-1A3956D46DE8}") = "Solution Items", "Solution Items", "{F1EBBA3E-C226-42F9-A276-F09FB4FF0DF7}"
	ProjectSection(SolutionItems) = preProject
		.editorconfig = .editorconfig
	EndProjectSection
EndProject
Global
	GlobalSection(SolutionConfigurationPlatforms) = preSolution
		Debug|Any CPU = Debug|Any CPU
		Release|Any CPU = Release|Any CPU
	EndGlobalSection
	GlobalSection(ProjectConfigurationPlatforms) = postSolution
		{7671B9D6-C6AA-46EB-897C-5AB5F6A5E77D}.Debug|Any CPU.ActiveCfg = Debug|Any CPU
		{7671B9D6-C6AA-46EB-897C-5AB5F6A5E77D}.Debug|Any CPU.Build.0 = Debug|Any CPU
		{7671B9D6-C6AA-46EB-897C-5AB5F6A5E77D}.Release|Any CPU.ActiveCfg = Release|Any CPU
		{7671B9D6-C6AA-46EB-897C-5AB5F6A5E77D}.Release|Any CPU.Build.0 = Release|Any CPU
	EndGlobalSection
	GlobalSection(SolutionProperties) = preSolution
		HideSolutionNode = FALSE
	EndGlobalSection
	GlobalSection(ExtensibilityGlobals) = postSolution
		SolutionGuid = {D91DD0EE-5A00-4669-9EC4-ECC78D2BF321}
	EndGlobalSection
EndGlobal
